
Microsoft Visual Studio Solution File, Format Version 12.00
# Visual Studio Version 17
VisualStudioVersion = 17.8.34511.84
MinimumVisualStudioVersion = 10.0.40219.1
Project("{FAE04EC0-301F-11D3-BF4B-00C04F79EFBC}") = "Console", "Console\Console.csproj", "{3D740EAD-9814-4DA8-B0FA-12C8AF94737C}"
EndProject
Project("{FAE04EC0-301F-11D3-BF4B-00C04F79EFBC}") = "Logic", "Logic\Logic.csproj", "{40B8DC1F-C152-4519-8712-2CA63BF5886C}"
EndProject
Global
	GlobalSection(SolutionConfigurationPlatforms) = preSolution
		Debug|Any CPU = Debug|Any CPU
		Release|Any CPU = Release|Any CPU
	EndGlobalSection
	GlobalSection(ProjectConfigurationPlatforms) = postSolution
		{3D740EAD-9814-4DA8-B0FA-12C8AF94737C}.Debug|Any CPU.ActiveCfg = Debug|Any CPU
		{3D740EAD-9814-4DA8-B0FA-12C8AF94737C}.Debug|Any CPU.Build.0 = Debug|Any CPU
		{3D740EAD-9814-4DA8-B0FA-12C8AF94737C}.Release|Any CPU.ActiveCfg = Release|Any CPU
		{3D740EAD-9814-4DA8-B0FA-12C8AF94737C}.Release|Any CPU.Build.0 = Release|Any CPU
		{40B8DC1F-C152-4519-8712-2CA63BF5886C}.Debug|Any CPU.ActiveCfg = Debug|Any CPU
		{40B8DC1F-C152-4519-8712-2CA63BF5886C}.Debug|Any CPU.Build.0 = Debug|Any CPU
		{40B8DC1F-C152-4519-8712-2CA63BF5886C}.Release|Any CPU.ActiveCfg = Release|Any CPU
		{40B8DC1F-C152-4519-8712-2CA63BF5886C}.Release|Any CPU.Build.0 = Release|Any CPU
	EndGlobalSection
	GlobalSection(SolutionProperties) = preSolution
		HideSolutionNode = FALSE
	EndGlobalSection
	GlobalSection(ExtensibilityGlobals) = postSolution
		SolutionGuid = {DB70A0B9-C7FF-41F3-8E6F-CAF8EBCD3352}
	EndGlobalSection
EndGlobal
